
Microsoft Visual Studio Solution File, Format Version 12.00
# Visual Studio 15
VisualStudioVersion = 15.0.27130.2024
MinimumVisualStudioVersion = 10.0.40219.1
Project("{FAE04EC0-301F-11D3-BF4B-00C04F79EFBC}") = "Project-storage", "project-storage\Project-storage.csproj", "{BE049028-B720-4176-A484-383B6C3D8D7C}"
EndProject
Project("{FAE04EC0-301F-11D3-BF4B-00C04F79EFBC}") = "Project-storage.Data", "Project-storage.Data\Project-storage.Data.csproj", "{362AAE3C-6CB8-4EF5-8E49-3FDAEA4AE0F0}"
EndProject
Global
	GlobalSection(SolutionConfigurationPlatforms) = preSolution
		Debug|Any CPU = Debug|Any CPU
		Release|Any CPU = Release|Any CPU
	EndGlobalSection
	GlobalSection(ProjectConfigurationPlatforms) = postSolution
		{BE049028-B720-4176-A484-383B6C3D8D7C}.Debug|Any CPU.ActiveCfg = Debug|Any CPU
		{BE049028-B720-4176-A484-383B6C3D8D7C}.Debug|Any CPU.Build.0 = Debug|Any CPU
		{BE049028-B720-4176-A484-383B6C3D8D7C}.Release|Any CPU.ActiveCfg = Release|Any CPU
		{BE049028-B720-4176-A484-383B6C3D8D7C}.Release|Any CPU.Build.0 = Release|Any CPU
		{362AAE3C-6CB8-4EF5-8E49-3FDAEA4AE0F0}.Debug|Any CPU.ActiveCfg = Debug|Any CPU
		{362AAE3C-6CB8-4EF5-8E49-3FDAEA4AE0F0}.Debug|Any CPU.Build.0 = Debug|Any CPU
		{362AAE3C-6CB8-4EF5-8E49-3FDAEA4AE0F0}.Release|Any CPU.ActiveCfg = Release|Any CPU
		{362AAE3C-6CB8-4EF5-8E49-3FDAEA4AE0F0}.Release|Any CPU.Build.0 = Release|Any CPU
	EndGlobalSection
	GlobalSection(SolutionProperties) = preSolution
		HideSolutionNode = FALSE
	EndGlobalSection
	GlobalSection(ExtensibilityGlobals) = postSolution
		SolutionGuid = {8D8B910C-A6BA-46DE-83EC-94B6B0C14F17}
	EndGlobalSection
EndGlobal
